// !$*UTF8*$!
{
	archiveVersion = 1;
	classes = {
	};
	objectVersion = 46;
	objects = {

/* Begin PBXBuildFile section */
		0A19C3161B5B3F8600956354 /* ZhihuData.swift in Sources */ = {isa = PBXBuildFile; fileRef = 0A19C3151B5B3F8600956354 /* ZhihuData.swift */; };
		0A3FBD421B5A865100E9580B /* AppDelegate.swift in Sources */ = {isa = PBXBuildFile; fileRef = 0A3FBD411B5A865100E9580B /* AppDelegate.swift */; };
		0A3FBD441B5A865100E9580B /* ViewController.swift in Sources */ = {isa = PBXBuildFile; fileRef = 0A3FBD431B5A865100E9580B /* ViewController.swift */; };
		0A3FBD471B5A865100E9580B /* Main.storyboard in Resources */ = {isa = PBXBuildFile; fileRef = 0A3FBD451B5A865100E9580B /* Main.storyboard */; };
		0A3FBD491B5A865100E9580B /* Assets.xcassets in Resources */ = {isa = PBXBuildFile; fileRef = 0A3FBD481B5A865100E9580B /* Assets.xcassets */; };
		0A3FBD4C1B5A865100E9580B /* LaunchScreen.storyboard in Resources */ = {isa = PBXBuildFile; fileRef = 0A3FBD4A1B5A865100E9580B /* LaunchScreen.storyboard */; };
		0A3FBD571B5A865100E9580B /* zhihuDailyTests.swift in Sources */ = {isa = PBXBuildFile; fileRef = 0A3FBD561B5A865100E9580B /* zhihuDailyTests.swift */; };
		0A3FBD621B5A865100E9580B /* zhihuDailyUITests.swift in Sources */ = {isa = PBXBuildFile; fileRef = 0A3FBD611B5A865100E9580B /* zhihuDailyUITests.swift */; };
		0A3FBD721B5AB67200E9580B /* StoryDetailView.swift in Sources */ = {isa = PBXBuildFile; fileRef = 0A3FBD711B5AB67200E9580B /* StoryDetailView.swift */; };
/* End PBXBuildFile section */

/* Begin PBXContainerItemProxy section */
		0A3FBD531B5A865100E9580B /* PBXContainerItemProxy */ = {
			isa = PBXContainerItemProxy;
			containerPortal = 0A3FBD361B5A865100E9580B /* Project object */;
			proxyType = 1;
			remoteGlobalIDString = 0A3FBD3D1B5A865100E9580B;
			remoteInfo = zhihuDaily;
		};
		0A3FBD5E1B5A865100E9580B /* PBXContainerItemProxy */ = {
			isa = PBXContainerItemProxy;
			containerPortal = 0A3FBD361B5A865100E9580B /* Project object */;
			proxyType = 1;
			remoteGlobalIDString = 0A3FBD3D1B5A865100E9580B;
			remoteInfo = zhihuDaily;
		};
/* End PBXContainerItemProxy section */

/* Begin PBXFileReference section */
		0A19C3151B5B3F8600956354 /* ZhihuData.swift */ = {isa = PBXFileReference; fileEncoding = 4; lastKnownFileType = sourcecode.swift; path = ZhihuData.swift; sourceTree = "<group>"; };
		0A3FBD3E1B5A865100E9580B /* zhihuDaily.app */ = {isa = PBXFileReference; explicitFileType = wrapper.application; includeInIndex = 0; path = zhihuDaily.app; sourceTree = BUILT_PRODUCTS_DIR; };
		0A3FBD411B5A865100E9580B /* AppDelegate.swift */ = {isa = PBXFileReference; lastKnownFileType = sourcecode.swift; path = AppDelegate.swift; sourceTree = "<group>"; };
		0A3FBD431B5A865100E9580B /* ViewController.swift */ = {isa = PBXFileReference; lastKnownFileType = sourcecode.swift; path = ViewController.swift; sourceTree = "<group>"; };
		0A3FBD461B5A865100E9580B /* Base */ = {isa = PBXFileReference; lastKnownFileType = file.storyboard; name = Base; path = Base.lproj/Main.storyboard; sourceTree = "<group>"; };
		0A3FBD481B5A865100E9580B /* Assets.xcassets */ = {isa = PBXFileReference; lastKnownFileType = folder.assetcatalog; path = Assets.xcassets; sourceTree = "<group>"; };
		0A3FBD4B1B5A865100E9580B /* Base */ = {isa = PBXFileReference; lastKnownFileType = file.storyboard; name = Base; path = Base.lproj/LaunchScreen.storyboard; sourceTree = "<group>"; };
		0A3FBD4D1B5A865100E9580B /* Info.plist */ = {isa = PBXFileReference; lastKnownFileType = text.plist.xml; path = Info.plist; sourceTree = "<group>"; };
		0A3FBD521B5A865100E9580B /* zhihuDailyTests.xctest */ = {isa = PBXFileReference; explicitFileType = wrapper.cfbundle; includeInIndex = 0; path = zhihuDailyTests.xctest; sourceTree = BUILT_PRODUCTS_DIR; };
		0A3FBD561B5A865100E9580B /* zhihuDailyTests.swift */ = {isa = PBXFileReference; lastKnownFileType = sourcecode.swift; path = zhihuDailyTests.swift; sourceTree = "<group>"; };
		0A3FBD581B5A865100E9580B /* Info.plist */ = {isa = PBXFileReference; lastKnownFileType = text.plist.xml; path = Info.plist; sourceTree = "<group>"; };
		0A3FBD5D1B5A865100E9580B /* zhihuDailyUITests.xctest */ = {isa = PBXFileReference; explicitFileType = wrapper.cfbundle; includeInIndex = 0; path = zhihuDailyUITests.xctest; sourceTree = BUILT_PRODUCTS_DIR; };
		0A3FBD611B5A865100E9580B /* zhihuDailyUITests.swift */ = {isa = PBXFileReference; lastKnownFileType = sourcecode.swift; path = zhihuDailyUITests.swift; sourceTree = "<group>"; };
		0A3FBD631B5A865100E9580B /* Info.plist */ = {isa = PBXFileReference; lastKnownFileType = text.plist.xml; path = Info.plist; sourceTree = "<group>"; };
		0A3FBD711B5AB67200E9580B /* StoryDetailView.swift */ = {isa = PBXFileReference; fileEncoding = 4; lastKnownFileType = sourcecode.swift; path = StoryDetailView.swift; sourceTree = "<group>"; };
/* End PBXFileReference section */

/* Begin PBXFrameworksBuildPhase section */
		0A3FBD3B1B5A865100E9580B /* Frameworks */ = {
			isa = PBXFrameworksBuildPhase;
			buildActionMask = 2147483647;
			files = (
			);
			runOnlyForDeploymentPostprocessing = 0;
		};
		0A3FBD4F1B5A865100E9580B /* Frameworks */ = {
			isa = PBXFrameworksBuildPhase;
			buildActionMask = 2147483647;
			files = (
			);
			runOnlyForDeploymentPostprocessing = 0;
		};
		0A3FBD5A1B5A865100E9580B /* Frameworks */ = {
			isa = PBXFrameworksBuildPhase;
			buildActionMask = 2147483647;
			files = (
			);
			runOnlyForDeploymentPostprocessing = 0;
		};
/* End PBXFrameworksBuildPhase section */

/* Begin PBXGroup section */
		0A3FBD351B5A865100E9580B = {
			isa = PBXGroup;
			children = (
				0A3FBD401B5A865100E9580B /* zhihuDaily */,
				0A3FBD551B5A865100E9580B /* zhihuDailyTests */,
				0A3FBD601B5A865100E9580B /* zhihuDailyUITests */,
				0A3FBD3F1B5A865100E9580B /* Products */,
			);
			sourceTree = "<group>";
		};
		0A3FBD3F1B5A865100E9580B /* Products */ = {
			isa = PBXGroup;
			children = (
				0A3FBD3E1B5A865100E9580B /* zhihuDaily.app */,
				0A3FBD521B5A865100E9580B /* zhihuDailyTests.xctest */,
				0A3FBD5D1B5A865100E9580B /* zhihuDailyUITests.xctest */,
			);
			name = Products;
			sourceTree = "<group>";
		};
		0A3FBD401B5A865100E9580B /* zhihuDaily */ = {
			isa = PBXGroup;
			children = (
				0A19C3151B5B3F8600956354 /* ZhihuData.swift */,
				0A3FBD411B5A865100E9580B /* AppDelegate.swift */,
				0A3FBD431B5A865100E9580B /* ViewController.swift */,
				0A3FBD451B5A865100E9580B /* Main.storyboard */,
				0A3FBD481B5A865100E9580B /* Assets.xcassets */,
				0A3FBD4A1B5A865100E9580B /* LaunchScreen.storyboard */,
				0A3FBD4D1B5A865100E9580B /* Info.plist */,
				0A3FBD711B5AB67200E9580B /* StoryDetailView.swift */,
			);
			path = zhihuDaily;
			sourceTree = "<group>";
		};
		0A3FBD551B5A865100E9580B /* zhihuDailyTests */ = {
			isa = PBXGroup;
			children = (
				0A3FBD561B5A865100E9580B /* zhihuDailyTests.swift */,
				0A3FBD581B5A865100E9580B /* Info.plist */,
			);
			path = zhihuDailyTests;
			sourceTree = "<group>";
		};
		0A3FBD601B5A865100E9580B /* zhihuDailyUITests */ = {
			isa = PBXGroup;
			children = (
				0A3FBD611B5A865100E9580B /* zhihuDailyUITests.swift */,
				0A3FBD631B5A865100E9580B /* Info.plist */,
			);
			path = zhihuDailyUITests;
			sourceTree = "<group>";
		};
/* End PBXGroup section */

/* Begin PBXNativeTarget section */
		0A3FBD3D1B5A865100E9580B /* zhihuDaily */ = {
			isa = PBXNativeTarget;
			buildConfigurationList = 0A3FBD661B5A865100E9580B /* Build configuration list for PBXNativeTarget "zhihuDaily" */;
			buildPhases = (
				0A3FBD3A1B5A865100E9580B /* Sources */,
				0A3FBD3B1B5A865100E9580B /* Frameworks */,
				0A3FBD3C1B5A865100E9580B /* Resources */,
			);
			buildRules = (
			);
			dependencies = (
			);
			name = zhihuDaily;
			productName = zhihuDaily;
			productReference = 0A3FBD3E1B5A865100E9580B /* zhihuDaily.app */;
			productType = "com.apple.product-type.application";
		};
		0A3FBD511B5A865100E9580B /* zhihuDailyTests */ = {
			isa = PBXNativeTarget;
			buildConfigurationList = 0A3FBD691B5A865100E9580B /* Build configuration list for PBXNativeTarget "zhihuDailyTests" */;
			buildPhases = (
				0A3FBD4E1B5A865100E9580B /* Sources */,
				0A3FBD4F1B5A865100E9580B /* Frameworks */,
				0A3FBD501B5A865100E9580B /* Resources */,
			);
			buildRules = (
			);
			dependencies = (
				0A3FBD541B5A865100E9580B /* PBXTargetDependency */,
			);
			name = zhihuDailyTests;
			productName = zhihuDailyTests;
			productReference = 0A3FBD521B5A865100E9580B /* zhihuDailyTests.xctest */;
			productType = "com.apple.product-type.bundle.unit-test";
		};
		0A3FBD5C1B5A865100E9580B /* zhihuDailyUITests */ = {
			isa = PBXNativeTarget;
			buildConfigurationList = 0A3FBD6C1B5A865100E9580B /* Build configuration list for PBXNativeTarget "zhihuDailyUITests" */;
			buildPhases = (
				0A3FBD591B5A865100E9580B /* Sources */,
				0A3FBD5A1B5A865100E9580B /* Frameworks */,
				0A3FBD5B1B5A865100E9580B /* Resources */,
			);
			buildRules = (
			);
			dependencies = (
				0A3FBD5F1B5A865100E9580B /* PBXTargetDependency */,
			);
			name = zhihuDailyUITests;
			productName = zhihuDailyUITests;
			productReference = 0A3FBD5D1B5A865100E9580B /* zhihuDailyUITests.xctest */;
			productType = "com.apple.product-type.bundle.ui-testing";
		};
/* End PBXNativeTarget section */

/* Begin PBXProject section */
		0A3FBD361B5A865100E9580B /* Project object */ = {
			isa = PBXProject;
			attributes = {
				LastUpgradeCheck = 0700;
				ORGANIZATIONNAME = com.karottc;
				TargetAttributes = {
					0A3FBD3D1B5A865100E9580B = {
						CreatedOnToolsVersion = 7.0;
					};
					0A3FBD511B5A865100E9580B = {
						CreatedOnToolsVersion = 7.0;
						TestTargetID = 0A3FBD3D1B5A865100E9580B;
					};
					0A3FBD5C1B5A865100E9580B = {
						CreatedOnToolsVersion = 7.0;
						TestTargetID = 0A3FBD3D1B5A865100E9580B;
					};
				};
			};
			buildConfigurationList = 0A3FBD391B5A865100E9580B /* Build configuration list for PBXProject "zhihuDaily" */;
			compatibilityVersion = "Xcode 3.2";
			developmentRegion = English;
			hasScannedForEncodings = 0;
			knownRegions = (
				en,
				Base,
			);
			mainGroup = 0A3FBD351B5A865100E9580B;
			productRefGroup = 0A3FBD3F1B5A865100E9580B /* Products */;
			projectDirPath = "";
			projectRoot = "";
			targets = (
				0A3FBD3D1B5A865100E9580B /* zhihuDaily */,
				0A3FBD511B5A865100E9580B /* zhihuDailyTests */,
				0A3FBD5C1B5A865100E9580B /* zhihuDailyUITests */,
			);
		};
/* End PBXProject section */

/* Begin PBXResourcesBuildPhase section */
		0A3FBD3C1B5A865100E9580B /* Resources */ = {
			isa = PBXResourcesBuildPhase;
			buildActionMask = 2147483647;
			files = (
				0A3FBD4C1B5A865100E9580B /* LaunchScreen.storyboard in Resources */,
				0A3FBD491B5A865100E9580B /* Assets.xcassets in Resources */,
				0A3FBD471B5A865100E9580B /* Main.storyboard in Resources */,
			);
			runOnlyForDeploymentPostprocessing = 0;
		};
		0A3FBD501B5A865100E9580B /* Resources */ = {
			isa = PBXResourcesBuildPhase;
			buildActionMask = 2147483647;
			files = (
			);
			runOnlyForDeploymentPostprocessing = 0;
		};
		0A3FBD5B1B5A865100E9580B /* Resources */ = {
			isa = PBXResourcesBuildPhase;
			buildActionMask = 2147483647;
			files = (
			);
			runOnlyForDeploymentPostprocessing = 0;
		};
/* End PBXResourcesBuildPhase section */

/* Begin PBXSourcesBuildPhase section */
		0A3FBD3A1B5A865100E9580B /* Sources */ = {
			isa = PBXSourcesBuildPhase;
			buildActionMask = 2147483647;
			files = (
				0A19C3161B5B3F8600956354 /* ZhihuData.swift in Sources */,
				0A3FBD441B5A865100E9580B /* ViewController.swift in Sources */,
				0A3FBD421B5A865100E9580B /* AppDelegate.swift in Sources */,
				0A3FBD721B5AB67200E9580B /* StoryDetailView.swift in Sources */,
			);
			runOnlyForDeploymentPostprocessing = 0;
		};
		0A3FBD4E1B5A865100E9580B /* Sources */ = {
			isa = PBXSourcesBuildPhase;
			buildActionMask = 2147483647;
			files = (
				0A3FBD571B5A865100E9580B /* zhihuDailyTests.swift in Sources */,
			);
			runOnlyForDeploymentPostprocessing = 0;
		};
		0A3FBD591B5A865100E9580B /* Sources */ = {
			isa = PBXSourcesBuildPhase;
			buildActionMask = 2147483647;
			files = (
				0A3FBD621B5A865100E9580B /* zhihuDailyUITests.swift in Sources */,
			);
			runOnlyForDeploymentPostprocessing = 0;
		};
/* End PBXSourcesBuildPhase section */

/* Begin PBXTargetDependency section */
		0A3FBD541B5A865100E9580B /* PBXTargetDependency */ = {
			isa = PBXTargetDependency;
			target = 0A3FBD3D1B5A865100E9580B /* zhihuDaily */;
			targetProxy = 0A3FBD531B5A865100E9580B /* PBXContainerItemProxy */;
		};
		0A3FBD5F1B5A865100E9580B /* PBXTargetDependency */ = {
			isa = PBXTargetDependency;
			target = 0A3FBD3D1B5A865100E9580B /* zhihuDaily */;
			targetProxy = 0A3FBD5E1B5A865100E9580B /* PBXContainerItemProxy */;
		};
/* End PBXTargetDependency section */

/* Begin PBXVariantGroup section */
		0A3FBD451B5A865100E9580B /* Main.storyboard */ = {
			isa = PBXVariantGroup;
			children = (
				0A3FBD461B5A865100E9580B /* Base */,
			);
			name = Main.storyboard;
			sourceTree = "<group>";
		};
		0A3FBD4A1B5A865100E9580B /* LaunchScreen.storyboard */ = {
			isa = PBXVariantGroup;
			children = (
				0A3FBD4B1B5A865100E9580B /* Base */,
			);
			name = LaunchScreen.storyboard;
			sourceTree = "<group>";
		};
/* End PBXVariantGroup section */

/* Begin XCBuildConfiguration section */
		0A3FBD641B5A865100E9580B /* Debug */ = {
			isa = XCBuildConfiguration;
			buildSettings = {
				ALWAYS_SEARCH_USER_PATHS = NO;
				CLANG_CXX_LANGUAGE_STANDARD = "gnu++0x";
				CLANG_CXX_LIBRARY = "libc++";
				CLANG_ENABLE_MODULES = YES;
				CLANG_ENABLE_OBJC_ARC = YES;
				CLANG_WARN_BOOL_CONVERSION = YES;
				CLANG_WARN_CONSTANT_CONVERSION = YES;
				CLANG_WARN_DIRECT_OBJC_ISA_USAGE = YES_ERROR;
				CLANG_WARN_EMPTY_BODY = YES;
				CLANG_WARN_ENUM_CONVERSION = YES;
				CLANG_WARN_INT_CONVERSION = YES;
				CLANG_WARN_OBJC_ROOT_CLASS = YES_ERROR;
				CLANG_WARN_UNREACHABLE_CODE = YES;
				CLANG_WARN__DUPLICATE_METHOD_MATCH = YES;
				"CODE_SIGN_IDENTITY[sdk=iphoneos*]" = "iPhone Developer";
				COPY_PHASE_STRIP = NO;
				DEBUG_INFORMATION_FORMAT = dwarf;
				ENABLE_STRICT_OBJC_MSGSEND = YES;
				ENABLE_TESTABILITY = YES;
				GCC_C_LANGUAGE_STANDARD = gnu99;
				GCC_DYNAMIC_NO_PIC = NO;
				GCC_NO_COMMON_BLOCKS = YES;
				GCC_OPTIMIZATION_LEVEL = 0;
				GCC_PREPROCESSOR_DEFINITIONS = (
					"DEBUG=1",
					"$(inherited)",
				);
				GCC_WARN_64_TO_32_BIT_CONVERSION = YES;
				GCC_WARN_ABOUT_RETURN_TYPE = YES_ERROR;
				GCC_WARN_UNDECLARED_SELECTOR = YES;
				GCC_WARN_UNINITIALIZED_AUTOS = YES_AGGRESSIVE;
				GCC_WARN_UNUSED_FUNCTION = YES;
				GCC_WARN_UNUSED_VARIABLE = YES;
				IPHONEOS_DEPLOYMENT_TARGET = 9.0;
				MTL_ENABLE_DEBUG_INFO = YES;
				ONLY_ACTIVE_ARCH = YES;
				SDKROOT = iphoneos;
				SWIFT_OPTIMIZATION_LEVEL = "-Onone";
				TARGETED_DEVICE_FAMILY = 2;
			};
			name = Debug;
		};
		0A3FBD651B5A865100E9580B /* Release */ = {
			isa = XCBuildConfiguration;
			buildSettings = {
				ALWAYS_SEARCH_USER_PATHS = NO;
				CLANG_CXX_LANGUAGE_STANDARD = "gnu++0x";
				CLANG_CXX_LIBRARY = "libc++";
				CLANG_ENABLE_MODULES = YES;
				CLANG_ENABLE_OBJC_ARC = YES;
				CLANG_WARN_BOOL_CONVERSION = YES;
				CLANG_WARN_CONSTANT_CONVERSION = YES;
				CLANG_WARN_DIRECT_OBJC_ISA_USAGE = YES_ERROR;
				CLANG_WARN_EMPTY_BODY = YES;
				CLANG_WARN_ENUM_CONVERSION = YES;
				CLANG_WARN_INT_CONVERSION = YES;
				CLANG_WARN_OBJC_ROOT_CLASS = YES_ERROR;
				CLANG_WARN_UNREACHABLE_CODE = YES;
				CLANG_WARN__DUPLICATE_METHOD_MATCH = YES;
				"CODE_SIGN_IDENTITY[sdk=iphoneos*]" = "iPhone Developer";
				COPY_PHASE_STRIP = NO;
				DEBUG_INFORMATION_FORMAT = "dwarf-with-dsym";
				ENABLE_NS_ASSERTIONS = NO;
				ENABLE_STRICT_OBJC_MSGSEND = YES;
				GCC_C_LANGUAGE_STANDARD = gnu99;
				GCC_NO_COMMON_BLOCKS = YES;
				GCC_WARN_64_TO_32_BIT_CONVERSION = YES;
				GCC_WARN_ABOUT_RETURN_TYPE = YES_ERROR;
				GCC_WARN_UNDECLARED_SELECTOR = YES;
				GCC_WARN_UNINITIALIZED_AUTOS = YES_AGGRESSIVE;
				GCC_WARN_UNUSED_FUNCTION = YES;
				GCC_WARN_UNUSED_VARIABLE = YES;
				IPHONEOS_DEPLOYMENT_TARGET = 9.0;
				MTL_ENABLE_DEBUG_INFO = NO;
				SDKROOT = iphoneos;
				TARGETED_DEVICE_FAMILY = 2;
				VALIDATE_PRODUCT = YES;
			};
			name = Release;
		};
		0A3FBD671B5A865100E9580B /* Debug */ = {
			isa = XCBuildConfiguration;
			buildSettings = {
				ASSETCATALOG_COMPILER_APPICON_NAME = AppIcon;
				INFOPLIST_FILE = zhihuDaily/Info.plist;
				LD_RUNPATH_SEARCH_PATHS = "$(inherited) @executable_path/Frameworks";
				PRODUCT_BUNDLE_IDENTIFIER = com.karottc.zhihuDaily;
				PRODUCT_NAME = "$(TARGET_NAME)";
				TARGETED_DEVICE_FAMILY = 1;
			};
			name = Debug;
		};
		0A3FBD681B5A865100E9580B /* Release */ = {
			isa = XCBuildConfiguration;
			buildSettings = {
				ASSETCATALOG_COMPILER_APPICON_NAME = AppIcon;
				INFOPLIST_FILE = zhihuDaily/Info.plist;
				LD_RUNPATH_SEARCH_PATHS = "$(inherited) @executable_path/Frameworks";
				PRODUCT_BUNDLE_IDENTIFIER = com.karottc.zhihuDaily;
				PRODUCT_NAME = "$(TARGET_NAME)";
				TARGETED_DEVICE_FAMILY = 1;
			};
			name = Release;
		};
		0A3FBD6A1B5A865100E9580B /* Debug */ = {
			isa = XCBuildConfiguration;
			buildSettings = {
				BUNDLE_LOADER = "$(TEST_HOST)";
				INFOPLIST_FILE = zhihuDailyTests/Info.plist;
				LD_RUNPATH_SEARCH_PATHS = "$(inherited) @executable_path/Frameworks @loader_path/Frameworks";
				PRODUCT_BUNDLE_IDENTIFIER = com.karottc.zhihuDailyTests;
				PRODUCT_NAME = "$(TARGET_NAME)";
				TEST_HOST = "$(BUILT_PRODUCTS_DIR)/zhihuDaily.app/zhihuDaily";
			};
			name = Debug;
		};
		0A3FBD6B1B5A865100E9580B /* Release */ = {
			isa = XCBuildConfiguration;
			buildSettings = {
				BUNDLE_LOADER = "$(TEST_HOST)";
				INFOPLIST_FILE = zhihuDailyTests/Info.plist;
				LD_RUNPATH_SEARCH_PATHS = "$(inherited) @executable_path/Frameworks @loader_path/Frameworks";
				PRODUCT_BUNDLE_IDENTIFIER = com.karottc.zhihuDailyTests;
				PRODUCT_NAME = "$(TARGET_NAME)";
				TEST_HOST = "$(BUILT_PRODUCTS_DIR)/zhihuDaily.app/zhihuDaily";
			};
			name = Release;
		};
		0A3FBD6D1B5A865100E9580B /* Debug */ = {
			isa = XCBuildConfiguration;
			buildSettings = {
				INFOPLIST_FILE = zhihuDailyUITests/Info.plist;
				LD_RUNPATH_SEARCH_PATHS = "$(inherited) @executable_path/Frameworks @loader_path/Frameworks";
				PRODUCT_BUNDLE_IDENTIFIER = com.karottc.zhihuDailyUITests;
				PRODUCT_NAME = "$(TARGET_NAME)";
				TEST_TARGET_NAME = zhihuDaily;
				USES_XCTRUNNER = YES;
			};
			name = Debug;
		};
		0A3FBD6E1B5A865100E9580B /* Release */ = {
			isa = XCBuildConfiguration;
			buildSettings = {
				INFOPLIST_FILE = zhihuDailyUITests/Info.plist;
				LD_RUNPATH_SEARCH_PATHS = "$(inherited) @executable_path/Frameworks @loader_path/Frameworks";
				PRODUCT_BUNDLE_IDENTIFIER = com.karottc.zhihuDailyUITests;
				PRODUCT_NAME = "$(TARGET_NAME)";
				TEST_TARGET_NAME = zhihuDaily;
				USES_XCTRUNNER = YES;
			};
			name = Release;
		};
/* End XCBuildConfiguration section */

/* Begin XCConfigurationList section */
		0A3FBD391B5A865100E9580B /* Build configuration list for PBXProject "zhihuDaily" */ = {
			isa = XCConfigurationList;
			buildConfigurations = (
				0A3FBD641B5A865100E9580B /* Debug */,
				0A3FBD651B5A865100E9580B /* Release */,
			);
			defaultConfigurationIsVisible = 0;
			defaultConfigurationName = Release;
		};
		0A3FBD661B5A865100E9580B /* Build configuration list for PBXNativeTarget "zhihuDaily" */ = {
			isa = XCConfigurationList;
			buildConfigurations = (
				0A3FBD671B5A865100E9580B /* Debug */,
				0A3FBD681B5A865100E9580B /* Release */,
			);
			defaultConfigurationIsVisible = 0;
			defaultConfigurationName = Release;
		};
		0A3FBD691B5A865100E9580B /* Build configuration list for PBXNativeTarget "zhihuDailyTests" */ = {
			isa = XCConfigurationList;
			buildConfigurations = (
				0A3FBD6A1B5A865100E9580B /* Debug */,
				0A3FBD6B1B5A865100E9580B /* Release */,
			);
			defaultConfigurationIsVisible = 0;
			defaultConfigurationName = Release;
		};
		0A3FBD6C1B5A865100E9580B /* Build configuration list for PBXNativeTarget "zhihuDailyUITests" */ = {
			isa = XCConfigurationList;
			buildConfigurations = (
				0A3FBD6D1B5A865100E9580B /* Debug */,
				0A3FBD6E1B5A865100E9580B /* Release */,
			);
			defaultConfigurationIsVisible = 0;
			defaultConfigurationName = Release;
		};
/* End XCConfigurationList section */
	};
	rootObject = 0A3FBD361B5A865100E9580B /* Project object */;
}
